
Microsoft Visual Studio Solution File, Format Version 12.00
# Visual Studio Version 17
VisualStudioVersion = 17.3.32929.385
MinimumVisualStudioVersion = 10.0.40219.1
Project("{8BC9CEB8-8B4A-11D0-8D11-00A0C91BC942}") = "CSE687-Project1", "CSE687-Project1.vcxproj", "{3A9AA8C3-F311-42C0-8798-50A332491477}"
EndProject
Global
	GlobalSection(SolutionConfigurationPlatforms) = preSolution
		Debug|x64 = Debug|x64
		Debug|x86 = Debug|x86
		Release|x64 = Release|x64
		Release|x86 = Release|x86
	EndGlobalSection
	GlobalSection(ProjectConfigurationPlatforms) = postSolution
		{3A9AA8C3-F311-42C0-8798-50A332491477}.Debug|x64.ActiveCfg = Debug|x64
		{3A9AA8C3-F311-42C0-8798-50A332491477}.Debug|x64.Build.0 = Debug|x64
		{3A9AA8C3-F311-42C0-8798-50A332491477}.Debug|x86.ActiveCfg = Debug|Win32
		{3A9AA8C3-F311-42C0-8798-50A332491477}.Debug|x86.Build.0 = Debug|Win32
		{3A9AA8C3-F311-42C0-8798-50A332491477}.Release|x64.ActiveCfg = Release|x64
		{3A9AA8C3-F311-42C0-8798-50A332491477}.Release|x64.Build.0 = Release|x64
		{3A9AA8C3-F311-42C0-8798-50A332491477}.Release|x86.ActiveCfg = Release|Win32
		{3A9AA8C3-F311-42C0-8798-50A332491477}.Release|x86.Build.0 = Release|Win32
	EndGlobalSection
	GlobalSection(SolutionProperties) = preSolution
		HideSolutionNode = FALSE
	EndGlobalSection
	GlobalSection(ExtensibilityGlobals) = postSolution
		SolutionGuid = {3DFFC2FD-DF73-4BA1-83AF-CE4A82D42AC6}
	EndGlobalSection
EndGlobal
